
Microsoft Visual Studio Solution File, Format Version 12.00
# Visual Studio Version 16
VisualStudioVersion = 25.0.1706.8
MinimumVisualStudioVersion = 10.0.40219.1
Project("{FAE04EC0-301F-11D3-BF4B-00C04F79EFBC}") = "WebApi", "WebApi\WebApi.csproj", "{812A4209-AE77-4321-9639-1CC4A989FD8B}"
EndProject
Global
	GlobalSection(SolutionConfigurationPlatforms) = preSolution
		Debug|Any CPU = Debug|Any CPU
		Release|Any CPU = Release|Any CPU
	EndGlobalSection
	GlobalSection(ProjectConfigurationPlatforms) = postSolution
		{812A4209-AE77-4321-9639-1CC4A989FD8B}.Debug|Any CPU.ActiveCfg = Debug|Any CPU
		{812A4209-AE77-4321-9639-1CC4A989FD8B}.Debug|Any CPU.Build.0 = Debug|Any CPU
		{812A4209-AE77-4321-9639-1CC4A989FD8B}.Release|Any CPU.ActiveCfg = Release|Any CPU
		{812A4209-AE77-4321-9639-1CC4A989FD8B}.Release|Any CPU.Build.0 = Release|Any CPU
	EndGlobalSection
	GlobalSection(SolutionProperties) = preSolution
		HideSolutionNode = FALSE
	EndGlobalSection
	GlobalSection(ExtensibilityGlobals) = postSolution
		SolutionGuid = {7F33B350-2B99-4E2F-B3C0-7B3D641462DB}
	EndGlobalSection
EndGlobal
